dependencies:
- name: redis
  repository: oci://registry-1.docker.io/bitnamicharts
  version: 20.6.3
- name: postgresql
  repository: oci://registry-1.docker.io/bitnamicharts
  version: 15.5.15
digest: sha256:e621fd04e16a0c4495844a682e5034c6b24e07dc5005898f543ee107164e0204
generated: "2025-01-28T19:58:57.016666+01:00"
