dependencies:
- name: redis
  repository: oci://registry-1.docker.io/bitnamicharts
  version: 21.2.14
- name: postgresql
  repository: oci://registry-1.docker.io/bitnamicharts
  version: 16.7.27
digest: sha256:46ec1839a4a1961ed0ad07d32a41d044042da2cdbf5af7029fb8bf1b80c18d6f
generated: "2026-01-07T19:31:28.000285Z"
